
Microsoft Visual Studio Solution File, Format Version 12.00
# Visual Studio Version 17
VisualStudioVersion = 17.0.31903.59
MinimumVisualStudioVersion = 10.0.40219.1
Project("{2150E333-8FDC-42A3-9474-1A3956D46DE8}") = "src", "src", "{1C745AE6-74BF-4542-970E-74D536989A96}"
EndProject
Project("{FAE04EC0-301F-11D3-BF4B-00C04F79EFBC}") = "Parser", "src\Parser\Parser.csproj", "{17C1FEE2-C117-438C-8F45-737D9EBC425F}"
EndProject
Project("{FAE04EC0-301F-11D3-BF4B-00C04F79EFBC}") = "Backend", "src\Backend\Backend.csproj", "{2ACD9B7B-51A5-4190-8EA1-035D39917AF2}"
EndProject
Project("{FAE04EC0-301F-11D3-BF4B-00C04F79EFBC}") = "GtkClient", "src\GtkClient\GtkClient.csproj", "{17A4A2AA-785B-45EF-9671-F85497D9B93B}"
EndProject
Project("{FAE04EC0-301F-11D3-BF4B-00C04F79EFBC}") = "Parser.Test", "src\Parser.Test\Parser.Test.csproj", "{3D3341FE-4254-4896-9D5E-0CE2896427C1}"
EndProject
Global
	GlobalSection(SolutionConfigurationPlatforms) = preSolution
		Debug|Any CPU = Debug|Any CPU
		Release|Any CPU = Release|Any CPU
	EndGlobalSection
	GlobalSection(SolutionProperties) = preSolution
		HideSolutionNode = FALSE
	EndGlobalSection
	GlobalSection(ProjectConfigurationPlatforms) = postSolution
		{17C1FEE2-C117-438C-8F45-737D9EBC425F}.Debug|Any CPU.ActiveCfg = Debug|Any CPU
		{17C1FEE2-C117-438C-8F45-737D9EBC425F}.Debug|Any CPU.Build.0 = Debug|Any CPU
		{17C1FEE2-C117-438C-8F45-737D9EBC425F}.Release|Any CPU.ActiveCfg = Release|Any CPU
		{17C1FEE2-C117-438C-8F45-737D9EBC425F}.Release|Any CPU.Build.0 = Release|Any CPU
		{2ACD9B7B-51A5-4190-8EA1-035D39917AF2}.Debug|Any CPU.ActiveCfg = Debug|Any CPU
		{2ACD9B7B-51A5-4190-8EA1-035D39917AF2}.Debug|Any CPU.Build.0 = Debug|Any CPU
		{2ACD9B7B-51A5-4190-8EA1-035D39917AF2}.Release|Any CPU.ActiveCfg = Release|Any CPU
		{2ACD9B7B-51A5-4190-8EA1-035D39917AF2}.Release|Any CPU.Build.0 = Release|Any CPU
		{17A4A2AA-785B-45EF-9671-F85497D9B93B}.Debug|Any CPU.ActiveCfg = Debug|Any CPU
		{17A4A2AA-785B-45EF-9671-F85497D9B93B}.Debug|Any CPU.Build.0 = Debug|Any CPU
		{17A4A2AA-785B-45EF-9671-F85497D9B93B}.Release|Any CPU.ActiveCfg = Release|Any CPU
		{17A4A2AA-785B-45EF-9671-F85497D9B93B}.Release|Any CPU.Build.0 = Release|Any CPU
		{3D3341FE-4254-4896-9D5E-0CE2896427C1}.Debug|Any CPU.ActiveCfg = Debug|Any CPU
		{3D3341FE-4254-4896-9D5E-0CE2896427C1}.Debug|Any CPU.Build.0 = Debug|Any CPU
		{3D3341FE-4254-4896-9D5E-0CE2896427C1}.Release|Any CPU.ActiveCfg = Release|Any CPU
		{3D3341FE-4254-4896-9D5E-0CE2896427C1}.Release|Any CPU.Build.0 = Release|Any CPU
	EndGlobalSection
	GlobalSection(NestedProjects) = preSolution
		{17C1FEE2-C117-438C-8F45-737D9EBC425F} = {1C745AE6-74BF-4542-970E-74D536989A96}
		{2ACD9B7B-51A5-4190-8EA1-035D39917AF2} = {1C745AE6-74BF-4542-970E-74D536989A96}
		{17A4A2AA-785B-45EF-9671-F85497D9B93B} = {1C745AE6-74BF-4542-970E-74D536989A96}
		{3D3341FE-4254-4896-9D5E-0CE2896427C1} = {1C745AE6-74BF-4542-970E-74D536989A96}
	EndGlobalSection
EndGlobal
